# THIS IS AN AUTOGENERATED FILE. DO NOT EDIT THIS FILE DIRECTLY.
# yarn lockfile v1


"@urql/core@^1.12.0":
  version "1.12.0"
  resolved "https://registry.yarnpkg.com/@urql/core/-/core-1.12.0.tgz#8a41de01a1a1145e8bea736dfb0ba8574daad8ff"
  integrity sha512-OyE1FClMz+r3j3v5MxNGzlpvFZya7PQxbSya5qa2lIJdyf9AtExJwjxpjmOf3crQGUvxatRVso4F9SNLT5MDjQ==
  dependencies:
    wonka "^4.0.14"

camelcase@^5.0.0:
  version "5.3.1"
  resolved "https://registry.yarnpkg.com/camelcase/-/camelcase-5.3.1.tgz#e3c9b31569e106811df242f715725a1f4c494320"
  integrity sha512-L28STB170nwWS63UjtlEOE3dldQApaJXZkOI1uMFfzf3rRuPegHaHesyee+YxQ+W6SvRDQV6UrdOdRiR153wJg==

react-icons@^3.10.0:
  version "3.10.0"
  resolved "https://registry.yarnpkg.com/react-icons/-/react-icons-3.10.0.tgz#6c217a2dde2e8fa8d293210023914b123f317297"
  integrity sha512-WsQ5n1JToG9VixWilSo1bHv842Cj5aZqTGiS3Ud47myF6aK7S/IUY2+dHcBdmkQcCFRuHsJ9OMUI0kTDfjyZXQ==
  dependencies:
    camelcase "^5.0.0"

urql@^1.9.8:
  version "1.9.8"
  resolved "https://registry.yarnpkg.com/urql/-/urql-1.9.8.tgz#07d76efdc698205a55724a2acd2640f7706a036d"
  integrity sha512-AMikyJ9ldVvFVRND7AjgHJ3dBZXH2ygTM9bj4BwQzE9gfJfWA1wK+dXffV1WTOdOoCRngIxGWgZIzSkoLGBpbw==
  dependencies:
    "@urql/core" "^1.12.0"
    wonka "^4.0.14"

wonka@^4.0.14:
  version "4.0.14"
  resolved "https://registry.yarnpkg.com/wonka/-/wonka-4.0.14.tgz#77d680a84e575ed15a9f975eb87d6c530488f3a4"
  integrity sha512-v9vmsTxpZjrA8CYfztbuoTQSHEsG3ZH+NCYfasHm0V3GqBupXrjuuz0RJyUaw2cRO7ouW2js0P6i853/qxlDcA==
